<?xml version="1.0" encoding="utf-8"?>
<Project ToolsVersion="4.0" xmlns="http://schemas.microsoft.com/developer/msbuild/2003">
  <ItemGroup>
    <Filter Include="Source Files">
      <UniqueIdentifier>{4FC737F1-C7A5-4376-A066-2A32D752A2FF}</UniqueIdentifier>
      <Extensions>cpp;c;cc;cxx;def;odl;idl;hpj;bat;asm;asmx</Extensions>
    </Filter>
    <Filter Include="Header Files">
      <UniqueIdentifier>{93995380-89BD-4b04-88EB-625FBE52EBFB}</UniqueIdentifier>
      <Extensions>h;hpp;hxx;hm;inl;inc;xsd</Extensions>
    </Filter>
    <Filter Include="Resource Files">
      <UniqueIdentifier>{67DA6AB6-F800-4c08-8B7A-83BB121AAD01}</UniqueIdentifier>
      <Extensions>rc;ico;cur;bmp;dlg;rc2;rct;bin;rgs;gif;jpg;jpeg;jpe;resx;tiff;tif;png;wav;mfcribbon-ms</Extensions>
    </Filter>
  </ItemGroup>
  <ItemGroup>
    <ClInclude Include="Src\common\enums.h">
      <Filter>Header Files</Filter>
    </ClInclude>
    <ClInclude Include="Src\common\types.h">
      <Filter>Header Files</Filter>
    </ClInclude>
    <ClInclude Include="Src\common\invoke.h">
      <Filter>Header Files</Filter>
    </ClInclude>
    <ClInclude Include="Src\common\obscript.h">
      <Filter>Header Files</Filter>
    </ClInclude>
    <ClInclude Include="Src\common\plugin.h">
      <Filter>Header Files</Filter>
    </ClInclude>
    <ClInclude Include="Src\common\skyscript.h">
      <Filter>Header Files</Filter>
    </ClInclude>
    <ClInclude Include="Src\stdafx.h">
      <Filter>Header Files</Filter>
    </ClInclude>
    <ClInclude Include="Src\Game\CharacterManager.h">
      <Filter>Header Files</Filter>
    </ClInclude>
    <ClInclude Include="Src\Game\ArenaBuilder.h">
      <Filter>Header Files</Filter>
    </ClInclude>
    <ClInclude Include="Src\Game\Character.h">
      <Filter>Header Files</Filter>
    </ClInclude>
    <ClInclude Include="Src\Game\PlayerWatcher.h">
      <Filter>Header Files</Filter>
    </ClInclude>
    <ClInclude Include="Src\Game\RemotePlayer.h">
      <Filter>Header Files</Filter>
    </ClInclude>
    <ClInclude Include="Src\Game\data.h">
      <Filter>Header Files</Filter>
    </ClInclude>
    <ClInclude Include="Src\Game\Wave.h">
      <Filter>Header Files</Filter>
    </ClInclude>
    <ClInclude Include="Src\Game\WaveManager.h">
      <Filter>Header Files</Filter>
    </ClInclude>
    <ClInclude Include="Src\common\Log.h">
      <Filter>Header Files</Filter>
    </ClInclude>
    <ClInclude Include="Src\Game\StateManager.h">
      <Filter>Header Files</Filter>
    </ClInclude>
    <ClInclude Include="Src\Engine\InputManager.h">
      <Filter>Header Files</Filter>
    </ClInclude>
    <ClInclude Include="Src\Mod.h">
      <Filter>Header Files</Filter>
    </ClInclude>
    <ClInclude Include="Src\Network\Packet.h">
      <Filter>Header Files</Filter>
    </ClInclude>
    <ClInclude Include="Src\Network\Session.h">
      <Filter>Header Files</Filter>
    </ClInclude>
    <ClInclude Include="Src\Overlay\Chat.h">
      <Filter>Header Files</Filter>
    </ClInclude>
    <ClInclude Include="Src\Overlay\FriendList.h">
      <Filter>Header Files</Filter>
    </ClInclude>
    <ClInclude Include="Src\Overlay\Login.h">
      <Filter>Header Files</Filter>
    </ClInclude>
    <ClInclude Include="Src\Overlay\Interface.h">
      <Filter>Header Files</Filter>
    </ClInclude>
    <ClInclude Include="Src\common\Utils.h">
      <Filter>Header Files</Filter>
    </ClInclude>
    <ClInclude Include="Src\Directx\myIDirect3DDevice9.h">
      <Filter>Header Files</Filter>
    </ClInclude>
    <ClInclude Include="Src\Directx\myIDirect3D9.h">
      <Filter>Header Files</Filter>
    </ClInclude>
    <ClInclude Include="Src\Game\TimeManager.h">
      <Filter>Header Files</Filter>
    </ClInclude>
    <ClInclude Include="Src\Overlay\ShardList.h">
      <Filter>Header Files</Filter>
    </ClInclude>
    <ClInclude Include="Src\Game\AssetManager.h">
      <Filter>Header Files</Filter>
    </ClInclude>
    <ClInclude Include="Src\Game\WeatherManager.h">
      <Filter>Header Files</Filter>
    </ClInclude>
    <ClInclude Include="Src\Overlay\Message.h">
      <Filter>Header Files</Filter>
    </ClInclude>
  </ItemGroup>
  <ItemGroup>
    <ClCompile Include="Src\common\plugin.cpp">
      <Filter>Source Files</Filter>
    </ClCompile>
    <ClCompile Include="Src\main.cpp">
      <Filter>Source Files</Filter>
    </ClCompile>
    <ClCompile Include="Src\stdafx.cpp">
      <Filter>Source Files</Filter>
    </ClCompile>
    <ClCompile Include="Src\Game\ArenaBuilder.cpp">
      <Filter>Source Files</Filter>
    </ClCompile>
    <ClCompile Include="Src\Game\Character.cpp">
      <Filter>Source Files</Filter>
    </ClCompile>
    <ClCompile Include="Src\Game\CharacterManager.cpp">
      <Filter>Source Files</Filter>
    </ClCompile>
    <ClCompile Include="Src\Game\PlayerWatcher.cpp">
      <Filter>Source Files</Filter>
    </ClCompile>
    <ClCompile Include="Src\Game\RemotePlayer.cpp">
      <Filter>Source Files</Filter>
    </ClCompile>
    <ClCompile Include="Src\Game\Wave.cpp">
      <Filter>Source Files</Filter>
    </ClCompile>
    <ClCompile Include="Src\Game\WaveManager.cpp">
      <Filter>Source Files</Filter>
    </ClCompile>
    <ClCompile Include="Src\common\Log.cpp">
      <Filter>Source Files</Filter>
    </ClCompile>
    <ClCompile Include="Src\Game\StateManager.cpp">
      <Filter>Source Files</Filter>
    </ClCompile>
    <ClCompile Include="Src\Engine\InputManager.cpp">
      <Filter>Source Files</Filter>
    </ClCompile>
    <ClCompile Include="Src\Mod.cpp">
      <Filter>Source Files</Filter>
    </ClCompile>
    <ClCompile Include="Src\Network\Session.cpp">
      <Filter>Source Files</Filter>
    </ClCompile>
    <ClCompile Include="Src\Overlay\Chat.cpp">
      <Filter>Source Files</Filter>
    </ClCompile>
    <ClCompile Include="Src\Overlay\FriendList.cpp">
      <Filter>Source Files</Filter>
    </ClCompile>
    <ClCompile Include="Src\Overlay\Login.cpp">
      <Filter>Source Files</Filter>
    </ClCompile>
    <ClCompile Include="Src\Overlay\Interface.cpp">
      <Filter>Source Files</Filter>
    </ClCompile>
    <ClCompile Include="Src\Game\TimeManager.cpp">
      <Filter>Source Files</Filter>
    </ClCompile>
    <ClCompile Include="Src\Overlay\ShardList.cpp">
      <Filter>Source Files</Filter>
    </ClCompile>
    <ClCompile Include="Src\Network\Handlers\Authentication.cpp">
      <Filter>Source Files</Filter>
    </ClCompile>
    <ClCompile Include="Src\Network\Handlers\Player.cpp">
      <Filter>Source Files</Filter>
    </ClCompile>
    <ClCompile Include="Src\Network\Handlers\World.cpp">
      <Filter>Source Files</Filter>
    </ClCompile>
    <ClCompile Include="Src\Game\WeatherManager.cpp">
      <Filter>Source Files</Filter>
    </ClCompile>
    <ClCompile Include="Src\Overlay\Message.cpp">
      <Filter>Source Files</Filter>
    </ClCompile>
    <ClCompile Include="Src\Game\AssetManager.cpp">
      <Filter>Source Files</Filter>
    </ClCompile>
  </ItemGroup>
  <ItemGroup>
    <None Include="Src\common\plugin.def">
      <Filter>Source Files</Filter>
    </None>
  </ItemGroup>
</Project>